# THIS IS AN AUTOGENERATED FILE. DO NOT EDIT THIS FILE DIRECTLY.
# yarn lockfile v1


"@babel/runtime@^7.9.2":
  version "7.16.3"
  resolved "https://registry.yarnpkg.com/@babel/runtime/-/runtime-7.16.3.tgz#b86f0db02a04187a3c17caa77de69840165d42d5"
  integrity sha512-WBwekcqacdY2e9AF/Q7WLFUWmdJGJTkbjqTjoMDgXkVZ3ZRUvOPsLb5KdwISoQVsbP+DQzVZW4Zhci0DvpbNTQ==
  dependencies:
    regenerator-runtime "^0.13.4"

"@thi.ng/api@^8.3.2":
  version "8.3.2"
  resolved "https://registry.yarnpkg.com/@thi.ng/api/-/api-8.3.2.tgz#3954554d80d6244c73004c7abed43936f9acff14"
  integrity sha512-sZBbrBtSzXQlCcyxkFwOysvvU9bqcsEQJCqSpxtSmju16c1RjDGLQ/hdv755QRBkNywKykypNBwutUtpaejUfA==

"@thi.ng/arrays@^2.1.2":
  version "2.1.2"
  resolved "https://registry.yarnpkg.com/@thi.ng/arrays/-/arrays-2.1.2.tgz#9c0d1efb7431a00e2a69ee69acab6b9974ad424f"
  integrity sha512-QS0uJFln7xeCyJcDtqjXdov1ta7PMSYjrb17AjjUvSfvPUkLArCJMVTJBl4k9QrFirp8N3Blc1e8xZJgeK9lrg==
  dependencies:
    "@thi.ng/api" "^8.3.2"
    "@thi.ng/checks" "^3.1.2"
    "@thi.ng/compare" "^2.1.2"
    "@thi.ng/equiv" "^2.1.2"
    "@thi.ng/errors" "^2.1.2"
    "@thi.ng/random" "^3.2.2"

"@thi.ng/binary@^3.1.2":
  version "3.1.2"
  resolved "https://registry.yarnpkg.com/@thi.ng/binary/-/binary-3.1.2.tgz#cba90d0f634af46edc3c358fc44ae7fbbd74489d"
  integrity sha512-7PajvPvxT8iG0c4xPg9v/x7tiTWESz/VQMIHvX3pT9mO0wqKJoc4jWUFXCnWqHItnBwNsuEvRPI6I8KjqPnXIg==
  dependencies:
    "@thi.ng/api" "^8.3.2"

"@thi.ng/checks@^3.1.2":
  version "3.1.2"
  resolved "https://registry.yarnpkg.com/@thi.ng/checks/-/checks-3.1.2.tgz#5db44d7c399b62382a1fcde50848200d36e642d4"
  integrity sha512-DyypenoE0bh7hpeBDihHaPqxJmUe2AtQI9dcyGwkizjmaanBSHzJlfckkz46CYoDcq51DnJWn23+GLVJ3qFYhA==
  dependencies:
    tslib "^2.3.1"

"@thi.ng/color@^4.1.4", "@thi.ng/color@^4.1.5":
  version "4.1.5"
  resolved "https://registry.yarnpkg.com/@thi.ng/color/-/color-4.1.5.tgz#833b64477bfae1da4f55666c55ea1836db1fcbe4"
  integrity sha512-P5kY2By/eQBV3CwK0LtVkGAhRbVHM1rmhA/pHEdwlOFthJpLcPlNfPJeIlWQk/nE2dCIkHCYfKoy85WmZNvMiw==
  dependencies:
    "@thi.ng/api" "^8.3.2"
    "@thi.ng/arrays" "^2.1.2"
    "@thi.ng/binary" "^3.1.2"
    "@thi.ng/checks" "^3.1.2"
    "@thi.ng/compare" "^2.1.2"
    "@thi.ng/compose" "^2.1.2"
    "@thi.ng/defmulti" "^2.1.2"
    "@thi.ng/errors" "^2.1.2"
    "@thi.ng/math" "^5.1.2"
    "@thi.ng/random" "^3.2.2"
    "@thi.ng/strings" "^3.3.0"
    "@thi.ng/transducers" "^8.1.2"
    "@thi.ng/vectors" "^7.4.1"

"@thi.ng/compare@^2.1.2":
  version "2.1.2"
  resolved "https://registry.yarnpkg.com/@thi.ng/compare/-/compare-2.1.2.tgz#5ad98c5bff0ea0cd11957cb8ab246693a60e2c23"
  integrity sha512-0BmxdiG9ybDlzA03dCt6fisjhx9eyP81ODD9JNHT+rNuizt6SApzywjvr+J2GT5HG76SzaSQE8WpvGbScwAS8Q==
  dependencies:
    "@thi.ng/api" "^8.3.2"

"@thi.ng/compose@^2.1.2":
  version "2.1.2"
  resolved "https://registry.yarnpkg.com/@thi.ng/compose/-/compose-2.1.2.tgz#e46d1020679b737f9e785fe09f9813cacea7b8c0"
  integrity sha512-z0d6G2y3vYlR5IJRn0ehTSyk+2bLhQwnQXxr7EBADq7qlARu0Wco0WIkO2y6FmLDF2M4NKvho8F9K1iqt1jXyQ==
  dependencies:
    "@thi.ng/api" "^8.3.2"
    "@thi.ng/errors" "^2.1.2"

"@thi.ng/defmulti@^2.1.2":
  version "2.1.2"
  resolved "https://registry.yarnpkg.com/@thi.ng/defmulti/-/defmulti-2.1.2.tgz#00e6068f7a3e42aecbf0e0e947b901b7f9ed5531"
  integrity sha512-Z5EktpEd5dSkZZppuw68LWSEjRjWvZBb/NZBdkLyzwnYYOpleb53OXI4TMLsi08zwq4D9f7vQW9IsHMwjolz3A==
  dependencies:
    "@thi.ng/api" "^8.3.2"
    "@thi.ng/errors" "^2.1.2"
    "@thi.ng/logger" "^1.1.2"

"@thi.ng/distance@^2.1.4":
  version "2.1.5"
  resolved "https://registry.yarnpkg.com/@thi.ng/distance/-/distance-2.1.5.tgz#84e30d313141e9190f3d023c0ecad8b244fe52a4"
  integrity sha512-xlhf9ezlzPm7BJdxf/PzT4xvgnNNuP8K93t6GK5vsaeYrZngoZRL/0pbVrsDu+LFUDEPpIP2YrPgrTNciWg2CA==
  dependencies:
    "@thi.ng/api" "^8.3.2"
    "@thi.ng/checks" "^3.1.2"
    "@thi.ng/errors" "^2.1.2"
    "@thi.ng/heaps" "^2.1.2"
    "@thi.ng/math" "^5.1.2"
    "@thi.ng/vectors" "^7.4.1"

"@thi.ng/equiv@^2.1.2":
  version "2.1.2"
  resolved "https://registry.yarnpkg.com/@thi.ng/equiv/-/equiv-2.1.2.tgz#9efad3523bdc405688b99dcb1849b84c2b4453c7"
  integrity sha512-S0QZmWXIO5d/TQSLsyFLYT3/j9nKRuJMUEJYz8seFnQQ9ydrAjV4o5pIHbXiWnjllHAWYa/iN6LJ8xuV8nXxag==

"@thi.ng/errors@^2.1.2":
  version "2.1.2"
  resolved "https://registry.yarnpkg.com/@thi.ng/errors/-/errors-2.1.2.tgz#077a8577cfd198383401eda325ee0a70162e555a"
  integrity sha512-3XdabkDNqrL76HVlt3q01zqMRLnSB8FFjJchiYWT/RVkAI2OBogE+eBy4KhYc0mvssYPfdnP9ikjDrV1CC2rVg==

"@thi.ng/geom-api@^3.1.4", "@thi.ng/geom-api@^3.1.5":
  version "3.1.5"
  resolved "https://registry.yarnpkg.com/@thi.ng/geom-api/-/geom-api-3.1.5.tgz#f4f1050d1827ef1bb688108f266a70c0dcf9fb73"
  integrity sha512-eUqcEJaddQS8ONvvNCLgLGGylUa+AtSVRyQd6P3KakiuFX3doWC1/bQSHBLIwkWC1+/eTugmkqbOkxBUGALruA==
  dependencies:
    "@thi.ng/api" "^8.3.2"
    "@thi.ng/vectors" "^7.4.1"

"@thi.ng/geom-arc@^2.1.5":
  version "2.1.5"
  resolved "https://registry.yarnpkg.com/@thi.ng/geom-arc/-/geom-arc-2.1.5.tgz#4b8e491ade4b3b9132b28dd3944f4d0e38f7aacd"
  integrity sha512-3XjpknM45BxKGT9NEOIlkhrALLJSAVsEyT52Tu2SBMVqI+rcTzARLFd1XKHV5ueRsSRcQSlUHY9v0y2JxRMnAQ==
  dependencies:
    "@thi.ng/checks" "^3.1.2"
    "@thi.ng/geom-api" "^3.1.5"
    "@thi.ng/geom-resample" "^2.1.5"
    "@thi.ng/math" "^5.1.2"
    "@thi.ng/vectors" "^7.4.1"

"@thi.ng/geom-clip-line@^2.1.5":
  version "2.1.5"
  resolved "https://registry.yarnpkg.com/@thi.ng/geom-clip-line/-/geom-clip-line-2.1.5.tgz#89932a56af469a000d5104a17d3080322dc9915d"
  integrity sha512-eJzqRSpBk99xl191GXxRpGXfYO3mg/W6xp5l9XE/YV2telKnNp9vWB1cZlOBD5OV4z4tb5eX2eRwayruERta1A==
  dependencies:
    "@thi.ng/api" "^8.3.2"
    "@thi.ng/geom-isec" "^2.1.5"
    "@thi.ng/vectors" "^7.4.1"

"@thi.ng/geom-clip-poly@^2.1.5":
  version "2.1.5"
  resolved "https://registry.yarnpkg.com/@thi.ng/geom-clip-poly/-/geom-clip-poly-2.1.5.tgz#da038a4c35d00d9a683669e02e2d4d8a1fa8aedb"
  integrity sha512-JJxYA2T1qDhRgrrAzLYIeUBixmYK/gtxyLv8UN3Ju6c0NX6fZJgOHfbi0CgpM251KWtZmKLLwdr47+5p9GUfMQ==
  dependencies:
    "@thi.ng/geom-isec" "^2.1.5"
    "@thi.ng/geom-poly-utils" "^2.1.5"
    "@thi.ng/math" "^5.1.2"
    "@thi.ng/vectors" "^7.4.1"

"@thi.ng/geom-closest-point@^2.1.5":
  version "2.1.5"
  resolved "https://registry.yarnpkg.com/@thi.ng/geom-closest-point/-/geom-closest-point-2.1.5.tgz#868086637d63b3291967dd0c3a802fc683eff3bb"
  integrity sha512-mgwZYxP9g/B2U7X99kiEG50bq9u9elRa2se5JHIBoX2qQPmPEtk1akgNXGYGwSnKBcER1UzU8dFCS00Wr51SYA==
  dependencies:
    "@thi.ng/api" "^8.3.2"
    "@thi.ng/math" "^5.1.2"
    "@thi.ng/vectors" "^7.4.1"

"@thi.ng/geom-hull@^2.1.5":
  version "2.1.5"
  resolved "https://registry.yarnpkg.com/@thi.ng/geom-hull/-/geom-hull-2.1.5.tgz#f0cbdc20d883b3ab2b655b4e7c9cdb4c96808186"
  integrity sha512-K9pAdkwyB6npedpY5p/CWoFBzvjpio7T1ZRpst/du1uRJueHfotxcL/kEGjlPm6s+dvurxcV4hY7MJfPOZMvAA==
  dependencies:
    "@thi.ng/math" "^5.1.2"
    "@thi.ng/vectors" "^7.4.1"

"@thi.ng/geom-isec@^2.1.5":
  version "2.1.5"
  resolved "https://registry.yarnpkg.com/@thi.ng/geom-isec/-/geom-isec-2.1.5.tgz#7ddadeb59ba6772d2b98048c8b062ca7a1fd6733"
  integrity sha512-uldCRUu6d0Am0rfKYatyfLPhjWDRyuL+9EqZu7nI/nHkxDGZ+OLAoTHrOPQqPtNZ0N1L2hfoWul7C2QL1fZBvQ==
  dependencies:
    "@thi.ng/api" "^8.3.2"
    "@thi.ng/geom-api" "^3.1.5"
    "@thi.ng/geom-closest-point" "^2.1.5"
    "@thi.ng/math" "^5.1.2"
    "@thi.ng/vectors" "^7.4.1"

"@thi.ng/geom-poly-utils@^2.1.5":
  version "2.1.5"
  resolved "https://registry.yarnpkg.com/@thi.ng/geom-poly-utils/-/geom-poly-utils-2.1.5.tgz#4a57e2ffd624ac32be7c75b0061079c07c939eb8"
  integrity sha512-EF2IiNZ1kMzYwrjH0XmddYWb+Kn4b0ot70QYLmSUwxx2Cgbz/jlRNXCx9o0OkIfAG3afU/p+Lhr1vCi/NKEkJA==
  dependencies:
    "@thi.ng/api" "^8.3.2"
    "@thi.ng/errors" "^2.1.2"
    "@thi.ng/geom-api" "^3.1.5"
    "@thi.ng/math" "^5.1.2"
    "@thi.ng/vectors" "^7.4.1"

"@thi.ng/geom-resample@^2.1.5":
  version "2.1.5"
  resolved "https://registry.yarnpkg.com/@thi.ng/geom-resample/-/geom-resample-2.1.5.tgz#8428010ad567c41654caa9317bd9802afa683249"
  integrity sha512-PovX5VZd9cMJYsn8sVuWbMWLiZF/9IHMHEl/E3NQ/f/SjE8hjb+ON0e6l22UnIFpm98omAR55rOqAtV5GZS33Q==
  dependencies:
    "@thi.ng/checks" "^3.1.2"
    "@thi.ng/geom-api" "^3.1.5"
    "@thi.ng/geom-closest-point" "^2.1.5"
    "@thi.ng/math" "^5.1.2"
    "@thi.ng/vectors" "^7.4.1"

"@thi.ng/geom-splines@^2.1.5":
  version "2.1.5"
  resolved "https://registry.yarnpkg.com/@thi.ng/geom-splines/-/geom-splines-2.1.5.tgz#82c82b39fff75ce83a71e0465f405119ea775945"
  integrity sha512-w3A4fGcxPKqJErfHSf2yaiZgXN5CdbcOIO0FbGvqc8EIxoWMvAf/CQGqsKl/tUyG1gFB7CVnecfqMGHuERBAEg==
  dependencies:
    "@thi.ng/api" "^8.3.2"
    "@thi.ng/checks" "^3.1.2"
    "@thi.ng/geom-api" "^3.1.5"
    "@thi.ng/geom-arc" "^2.1.5"
    "@thi.ng/geom-resample" "^2.1.5"
    "@thi.ng/math" "^5.1.2"
    "@thi.ng/vectors" "^7.4.1"

"@thi.ng/geom-subdiv-curve@^2.1.5":
  version "2.1.5"
  resolved "https://registry.yarnpkg.com/@thi.ng/geom-subdiv-curve/-/geom-subdiv-curve-2.1.5.tgz#e311b11586d631e62b18ba0efa66b820c2fcb35d"
  integrity sha512-3JAw3c/uwNse5QDjE/kknvGwhKBtiKvUUT1jDcWZSAO+lGWekxlAdViHLpsjtxQBUK48F/PKUAuylLuHf7Noaw==
  dependencies:
    "@thi.ng/api" "^8.3.2"
    "@thi.ng/geom-api" "^3.1.5"
    "@thi.ng/transducers" "^8.1.2"
    "@thi.ng/vectors" "^7.4.1"

"@thi.ng/geom-tessellate@^2.1.5":
  version "2.1.5"
  resolved "https://registry.yarnpkg.com/@thi.ng/geom-tessellate/-/geom-tessellate-2.1.5.tgz#482483a13f325fe9e55b5795472624c8d08e3fca"
  integrity sha512-Y20eqbJ6F96UE6XTNLqpxha8Dqz17p1GxYHR4dGAkO3PMAAPfdfJC07sx3ztifquCbH39NWWcffDGYVLbuVewA==
  dependencies:
    "@thi.ng/checks" "^3.1.2"
    "@thi.ng/geom-api" "^3.1.5"
    "@thi.ng/geom-isec" "^2.1.5"
    "@thi.ng/geom-poly-utils" "^2.1.5"
    "@thi.ng/transducers" "^8.1.2"
    "@thi.ng/vectors" "^7.4.1"

"@thi.ng/geom@^3.1.4":
  version "3.1.5"
  resolved "https://registry.yarnpkg.com/@thi.ng/geom/-/geom-3.1.5.tgz#d022cdbdfb7803ea71890c6d077b87a9a1bcc12a"
  integrity sha512-NVwO35Dg7EcLov2RuE4o32wNhaMdypZuqFgF51EeWS628LXGpCj5OL9oN2vROwg1i8oH1D5eKf3zhYjSVQlLCw==
  dependencies:
    "@thi.ng/api" "^8.3.2"
    "@thi.ng/arrays" "^2.1.2"
    "@thi.ng/checks" "^3.1.2"
    "@thi.ng/defmulti" "^2.1.2"
    "@thi.ng/equiv" "^2.1.2"
    "@thi.ng/errors" "^2.1.2"
    "@thi.ng/geom-api" "^3.1.5"
    "@thi.ng/geom-arc" "^2.1.5"
    "@thi.ng/geom-clip-line" "^2.1.5"
    "@thi.ng/geom-clip-poly" "^2.1.5"
    "@thi.ng/geom-closest-point" "^2.1.5"
    "@thi.ng/geom-hull" "^2.1.5"
    "@thi.ng/geom-isec" "^2.1.5"
    "@thi.ng/geom-poly-utils" "^2.1.5"
    "@thi.ng/geom-resample" "^2.1.5"
    "@thi.ng/geom-splines" "^2.1.5"
    "@thi.ng/geom-subdiv-curve" "^2.1.5"
    "@thi.ng/geom-tessellate" "^2.1.5"
    "@thi.ng/hiccup" "^4.2.3"
    "@thi.ng/hiccup-svg" "^4.2.5"
    "@thi.ng/math" "^5.1.2"
    "@thi.ng/matrices" "^2.1.5"
    "@thi.ng/random" "^3.2.2"
    "@thi.ng/strings" "^3.3.0"
    "@thi.ng/transducers" "^8.1.2"
    "@thi.ng/vectors" "^7.4.1"

"@thi.ng/heaps@^2.1.2":
  version "2.1.2"
  resolved "https://registry.yarnpkg.com/@thi.ng/heaps/-/heaps-2.1.2.tgz#5be251289fe1d974d08190cacf18b19e5f1a406b"
  integrity sha512-VVK7rkdaSQqK2FYLccVaKEBNVWbLGi8qyeMl2cNGohcPZR4KfmUS2MsJekzlr70yLNhuzvDA0LYwQJZOnF1reg==
  dependencies:
    "@thi.ng/api" "^8.3.2"
    "@thi.ng/compare" "^2.1.2"
    "@thi.ng/equiv" "^2.1.2"

"@thi.ng/hex@^2.1.2":
  version "2.1.2"
  resolved "https://registry.yarnpkg.com/@thi.ng/hex/-/hex-2.1.2.tgz#fcdaca7e173cf5dff24c941f64ee7e684176cdd8"
  integrity sha512-JFUApXIn7HWFYEZMQLtf9rZ1aeXFFI8ggdJrA45PzVC0kl73J8yeRHlXn3kjV7spd7jk7oatdEm4JnvadbT4EQ==

"@thi.ng/hiccup-svg@^4.2.5":
  version "4.2.5"
  resolved "https://registry.yarnpkg.com/@thi.ng/hiccup-svg/-/hiccup-svg-4.2.5.tgz#2813ca577e0e243deeaef09ca2a2c288655a0d24"
  integrity sha512-kjbstwNd7xELBkWUXsTiffbqa2AB0idSw3VB6HhKXfhXYUI8zbJ8ZgSqckqNzme7mttGPA/Tl1HHHRv5o9/Y4A==
  dependencies:
    "@thi.ng/checks" "^3.1.2"
    "@thi.ng/color" "^4.1.5"
    "@thi.ng/prefixes" "^2.1.2"

"@thi.ng/hiccup@^4.2.3":
  version "4.2.3"
  resolved "https://registry.yarnpkg.com/@thi.ng/hiccup/-/hiccup-4.2.3.tgz#f47c5868cd6a0649fbd47d65fd82fd3b333bf1d5"
  integrity sha512-krZ8E2BPY8jUsvdhA7HQeSIW27nP3BFaolzrl+vKUHG6kV/+p1GTM/+CO9cF/CFL7VSifFYcAdX3lIPLCEBL7g==
  dependencies:
    "@thi.ng/api" "^8.3.2"
    "@thi.ng/checks" "^3.1.2"
    "@thi.ng/errors" "^2.1.2"
    "@thi.ng/strings" "^3.3.0"

"@thi.ng/logger@^1.1.2":
  version "1.1.2"
  resolved "https://registry.yarnpkg.com/@thi.ng/logger/-/logger-1.1.2.tgz#408721999919b87384abab8c7140d3fc0e75f1bd"
  integrity sha512-zMUAkz7TJ6maTxerWiimGdoCsKR+v1kCyTkRxT1ii0dtTkvhtjhSPpnFAIMM/S4+7PdKxpiTqAl3oFNTt+EN7A==

"@thi.ng/math@^5.1.2":
  version "5.1.2"
  resolved "https://registry.yarnpkg.com/@thi.ng/math/-/math-5.1.2.tgz#c054d7cbcb3c01b9d346b00815f5e55f4a6d879b"
  integrity sha512-iOzs+cy19sxlOxk6OW5xDx5+rsvbXahqOf9Y323zs14VPS/I7rJl9SMY2F5MDbxZf65m3si6nolzOVW0a52C4Q==
  dependencies:
    "@thi.ng/api" "^8.3.2"

"@thi.ng/matrices@^2.1.4", "@thi.ng/matrices@^2.1.5":
  version "2.1.5"
  resolved "https://registry.yarnpkg.com/@thi.ng/matrices/-/matrices-2.1.5.tgz#e07be3f554b992b3b1d676dffcf1ae86e93d16d1"
  integrity sha512-+sK8KgnQ2iTAypHz/KsLsrhRAcZjykRNfav4yGUijmCo+vgnSbi/7XreCS78u2kBPG7+0jsUj5gAdgWEkSjBfQ==
  dependencies:
    "@thi.ng/api" "^8.3.2"
    "@thi.ng/checks" "^3.1.2"
    "@thi.ng/math" "^5.1.2"
    "@thi.ng/vectors" "^7.4.1"

"@thi.ng/memoize@^3.1.2":
  version "3.1.2"
  resolved "https://registry.yarnpkg.com/@thi.ng/memoize/-/memoize-3.1.2.tgz#7bc5f071491e254cfe79e85fe36b1e7d438bc88d"
  integrity sha512-rIRvIvYYdnIzRWMEQ2ybLOM8uO8+OjT3V353eu7wSPlSdum2S65+r90PPoyGUCGiIV1nA3mHRE/YKIJtuQM+vw==
  dependencies:
    "@thi.ng/api" "^8.3.2"

"@thi.ng/prefixes@^2.1.2":
  version "2.1.2"
  resolved "https://registry.yarnpkg.com/@thi.ng/prefixes/-/prefixes-2.1.2.tgz#722a7fa7b66f16c0dc23a32f7e91bd3baf016a3f"
  integrity sha512-/EHnrO3XnE3dGuvWzfVJu2MVJyj6iwNUiPY8jk6a4o+UToZgTGSx9S91IpOvckEV04WFS6kfdPNzIhTrJnzmqA==

"@thi.ng/random@^3.2.2":
  version "3.2.2"
  resolved "https://registry.yarnpkg.com/@thi.ng/random/-/random-3.2.2.tgz#26024a7721ffa616eeca3afd577bd71aae84a080"
  integrity sha512-QJD+F2kXfFyTI//EEVnVHP4XdeBhm9tlxavaAZizfIRKwWWxhrAHdk8BDPnN3nQe74Ana6UZy2NMrb3nb0A/gQ==
  dependencies:
    "@thi.ng/api" "^8.3.2"
    "@thi.ng/checks" "^3.1.2"
    "@thi.ng/errors" "^2.1.2"
    "@thi.ng/hex" "^2.1.2"

"@thi.ng/strings@^3.2.2", "@thi.ng/strings@^3.3.0":
  version "3.3.0"
  resolved "https://registry.yarnpkg.com/@thi.ng/strings/-/strings-3.3.0.tgz#32355ccf28a55bfdc0621cb3b4339a5247ef4822"
  integrity sha512-YJBZ58sv9qgptTYv0T8FxFK32VIs/pZNCO2xdREZsDAZinA4kWLlG0Txc5k132l6x8EhmIq7ahB7a/ghCd47/g==
  dependencies:
    "@thi.ng/api" "^8.3.2"
    "@thi.ng/errors" "^2.1.2"
    "@thi.ng/hex" "^2.1.2"
    "@thi.ng/memoize" "^3.1.2"

"@thi.ng/transducers@^8.1.2":
  version "8.1.2"
  resolved "https://registry.yarnpkg.com/@thi.ng/transducers/-/transducers-8.1.2.tgz#b3463daf082738f172130fb76745069db6fc38ac"
  integrity sha512-nMZNrMA8yJfvFpVtIYF31bBHsGJGadci+I3/VqUBneBfWM2aFbJcOjYAyLq7Xe15RBTx9eGfBikPGTcvz5ILfA==
  dependencies:
    "@thi.ng/api" "^8.3.2"
    "@thi.ng/arrays" "^2.1.2"
    "@thi.ng/checks" "^3.1.2"
    "@thi.ng/compare" "^2.1.2"
    "@thi.ng/compose" "^2.1.2"
    "@thi.ng/errors" "^2.1.2"
    "@thi.ng/math" "^5.1.2"
    "@thi.ng/random" "^3.2.2"

"@thi.ng/vectors@^7.4.0", "@thi.ng/vectors@^7.4.1":
  version "7.4.1"
  resolved "https://registry.yarnpkg.com/@thi.ng/vectors/-/vectors-7.4.1.tgz#ea1a23921897d73c382a4a91f35713689a899b7f"
  integrity sha512-zSpnFjOVflabm24Nvl+d+V3DC/lOQRyB+eC4N5ztEFHuFmN9zLeJYcNTHIocEgnfGt/cDT324h/qqR6FlBMieA==
  dependencies:
    "@thi.ng/api" "^8.3.2"
    "@thi.ng/binary" "^3.1.2"
    "@thi.ng/checks" "^3.1.2"
    "@thi.ng/equiv" "^2.1.2"
    "@thi.ng/errors" "^2.1.2"
    "@thi.ng/math" "^5.1.2"
    "@thi.ng/memoize" "^3.1.2"
    "@thi.ng/random" "^3.2.2"
    "@thi.ng/strings" "^3.3.0"
    "@thi.ng/transducers" "^8.1.2"

abs-svg-path@^0.1.1:
  version "0.1.1"
  resolved "https://registry.yarnpkg.com/abs-svg-path/-/abs-svg-path-0.1.1.tgz#df601c8e8d2ba10d4a76d625e236a9a39c2723bf"
  integrity sha1-32Acjo0roQ1KdtYl4japo5wnI78=

adaptive-bezier-curve@^1.0.3:
  version "1.0.3"
  resolved "https://registry.yarnpkg.com/adaptive-bezier-curve/-/adaptive-bezier-curve-1.0.3.tgz#477577abe87d7280d46ca41649f6c22646fe8227"
  integrity sha1-R3V3q+h9coDUbKQWSfbCJkb+gic=

almost-equal@0.0.0:
  version "0.0.0"
  resolved "https://registry.yarnpkg.com/almost-equal/-/almost-equal-0.0.0.tgz#e7a5a6b3457b67c83ee0044f9a8d07637355f02d"
  integrity sha1-56Wms0V7Z8g+4ARPmo0HY3NV8C0=

almost-equal@^1.1.0:
  version "1.1.0"
  resolved "https://registry.yarnpkg.com/almost-equal/-/almost-equal-1.1.0.tgz#f851c631138757994276aa2efbe8dfa3066cccdd"
  integrity sha1-+FHGMROHV5lCdqou++jfowZszN0=

an-array@^1.0.0:
  version "1.0.0"
  resolved "https://registry.yarnpkg.com/an-array/-/an-array-1.0.0.tgz#c125a5bb8257778e35f4b4f6aa9c7d0fa9e42665"
  integrity sha1-wSWlu4JXd4419LT2qpx9D6nkJmU=

array-almost-equal@^1.0.0:
  version "1.0.0"
  resolved "https://registry.yarnpkg.com/array-almost-equal/-/array-almost-equal-1.0.0.tgz#43c54ff435042e9cbfa4212ac49ada5fc7359fc5"
  integrity sha1-Q8VP9DUELpy/pCEqxJraX8c1n8U=
  dependencies:
    almost-equal "0.0.0"
    an-array "^1.0.0"

canvas-sketch-util@^1.10.0:
  version "1.10.0"
  resolved "https://registry.yarnpkg.com/canvas-sketch-util/-/canvas-sketch-util-1.10.0.tgz#93d11aa378f8991ed0837d1bf8ea738132f41f1e"
  integrity sha512-IiJWEQDBinl6KZVLYcdp79ZJXXKsS1HuDUoWtwWh0NJMVUA6jaM0pxcBRYiaujBXjQFPT91pl8L9iFFmma3+zA==
  dependencies:
    abs-svg-path "^0.1.1"
    almost-equal "^1.1.0"
    array-almost-equal "^1.0.0"
    clone "^2.1.2"
    color-luminance "^2.1.0"
    convert-length "^1.0.1"
    d3-path "^1.0.8"
    defined "^1.0.0"
    float-hsl2rgb "^1.0.2"
    float-rgb2hsl "^1.0.1"
    lineclip "^1.1.5"
    normalize-svg-path "^1.0.1"
    parse-color "^1.0.0"
    parse-svg-path "^0.1.2"
    primitive-quad "^2.0.0"
    regl "^1.3.7"
    seed-random "^2.2.0"
    simplex-noise "^2.4.0"
    svg-path-contours "^2.0.0"

clone@^2.1.2:
  version "2.1.2"
  resolved "https://registry.yarnpkg.com/clone/-/clone-2.1.2.tgz#1b7f4b9f591f1e8f83670401600345a02887435f"
  integrity sha1-G39Ln1kfHo+DZwQBYANFoCiHQ18=

color-convert@~0.5.0:
  version "0.5.3"
  resolved "https://registry.yarnpkg.com/color-convert/-/color-convert-0.5.3.tgz#bdb6c69ce660fadffe0b0007cc447e1b9f7282bd"
  integrity sha1-vbbGnOZg+t/+CwAHzER+G59ygr0=

color-luminance@^2.1.0:
  version "2.1.0"
  resolved "https://registry.yarnpkg.com/color-luminance/-/color-luminance-2.1.0.tgz#58ff2ebd32b52d07f5378eefe5a0e79d6b318ad7"
  integrity sha1-WP8uvTK1LQf1N47v5aDnnWsxitc=

convert-length@^1.0.1:
  version "1.0.1"
  resolved "https://registry.yarnpkg.com/convert-length/-/convert-length-1.0.1.tgz#b66c7dc1f7d181916667c977f57be2f1eb17c1b7"
  integrity sha512-w94Vge3sck6J1NHuA0du367/JTbj1zfjTapX7ixR2W+KlU4zb+NRTbou3x9nTpm5vlcXmjoaUJQpVN9pULCdxQ==
  dependencies:
    defined "^1.0.0"

d3-path@^1.0.8:
  version "1.0.9"
  resolved "https://registry.yarnpkg.com/d3-path/-/d3-path-1.0.9.tgz#48c050bb1fe8c262493a8caf5524e3e9591701cf"
  integrity sha512-VLaYcn81dtHVTjEHd8B+pbe9yHWpXKZUC87PzoFmsFrJqgFwDe/qxfp5MlfsfM1V5E/iVt0MmEbWQ7FVIXh/bg==

dat.gui@^0.7.7:
  version "0.7.7"
  resolved "https://registry.yarnpkg.com/dat.gui/-/dat.gui-0.7.7.tgz#7f96dbd21621a76385203659aebfa264ee6ae89b"
  integrity sha512-sRl/28gF/XRC5ywC9I4zriATTsQcpSsRG7seXCPnTkK8/EQMIbCu5NPMpICLGxX9ZEUvcXR3ArLYCtgreFoMDw==

defined@^1.0.0:
  version "1.0.0"
  resolved "https://registry.yarnpkg.com/defined/-/defined-1.0.0.tgz#c98d9bcef75674188e110969151199e39b1fa693"
  integrity sha1-yY2bzvdWdBiOEQlpFRGZ45sfppM=

esbuild-android-arm64@0.13.15:
  version "0.13.15"
  resolved "https://registry.yarnpkg.com/esbuild-android-arm64/-/esbuild-android-arm64-0.13.15.tgz#3fc3ff0bab76fe35dd237476b5d2b32bb20a3d44"
  integrity sha512-m602nft/XXeO8YQPUDVoHfjyRVPdPgjyyXOxZ44MK/agewFFkPa8tUo6lAzSWh5Ui5PB4KR9UIFTSBKh/RrCmg==

esbuild-darwin-64@0.13.15:
  version "0.13.15"
  resolved "https://registry.yarnpkg.com/esbuild-darwin-64/-/esbuild-darwin-64-0.13.15.tgz#8e9169c16baf444eacec60d09b24d11b255a8e72"
  integrity sha512-ihOQRGs2yyp7t5bArCwnvn2Atr6X4axqPpEdCFPVp7iUj4cVSdisgvEKdNR7yH3JDjW6aQDw40iQFoTqejqxvQ==

esbuild-darwin-arm64@0.13.15:
  version "0.13.15"
  resolved "https://registry.yarnpkg.com/esbuild-darwin-arm64/-/esbuild-darwin-arm64-0.13.15.tgz#1b07f893b632114f805e188ddfca41b2b778229a"
  integrity sha512-i1FZssTVxUqNlJ6cBTj5YQj4imWy3m49RZRnHhLpefFIh0To05ow9DTrXROTE1urGTQCloFUXTX8QfGJy1P8dQ==

esbuild-freebsd-64@0.13.15:
  version "0.13.15"
  resolved "https://registry.yarnpkg.com/esbuild-freebsd-64/-/esbuild-freebsd-64-0.13.15.tgz#0b8b7eca1690c8ec94c75680c38c07269c1f4a85"
  integrity sha512-G3dLBXUI6lC6Z09/x+WtXBXbOYQZ0E8TDBqvn7aMaOCzryJs8LyVXKY4CPnHFXZAbSwkCbqiPuSQ1+HhrNk7EA==

esbuild-freebsd-arm64@0.13.15:
  version "0.13.15"
  resolved "https://registry.yarnpkg.com/esbuild-freebsd-arm64/-/esbuild-freebsd-arm64-0.13.15.tgz#2e1a6c696bfdcd20a99578b76350b41db1934e52"
  integrity sha512-KJx0fzEDf1uhNOZQStV4ujg30WlnwqUASaGSFPhznLM/bbheu9HhqZ6mJJZM32lkyfGJikw0jg7v3S0oAvtvQQ==

esbuild-linux-32@0.13.15:
  version "0.13.15"
  resolved "https://registry.yarnpkg.com/esbuild-linux-32/-/esbuild-linux-32-0.13.15.tgz#6fd39f36fc66dd45b6b5f515728c7bbebc342a69"
  integrity sha512-ZvTBPk0YWCLMCXiFmD5EUtB30zIPvC5Itxz0mdTu/xZBbbHJftQgLWY49wEPSn2T/TxahYCRDWun5smRa0Tu+g==

esbuild-linux-64@0.13.15:
  version "0.13.15"
  resolved "https://registry.yarnpkg.com/esbuild-linux-64/-/esbuild-linux-64-0.13.15.tgz#9cb8e4bcd7574e67946e4ee5f1f1e12386bb6dd3"
  integrity sha512-eCKzkNSLywNeQTRBxJRQ0jxRCl2YWdMB3+PkWFo2BBQYC5mISLIVIjThNtn6HUNqua1pnvgP5xX0nHbZbPj5oA==

esbuild-linux-arm64@0.13.15:
  version "0.13.15"
  resolved "https://registry.yarnpkg.com/esbuild-linux-arm64/-/esbuild-linux-arm64-0.13.15.tgz#3891aa3704ec579a1b92d2a586122e5b6a2bfba1"
  integrity sha512-bYpuUlN6qYU9slzr/ltyLTR9YTBS7qUDymO8SV7kjeNext61OdmqFAzuVZom+OLW1HPHseBfJ/JfdSlx8oTUoA==

esbuild-linux-arm@0.13.15:
  version "0.13.15"
  resolved "https://registry.yarnpkg.com/esbuild-linux-arm/-/esbuild-linux-arm-0.13.15.tgz#8a00e99e6a0c6c9a6b7f334841364d8a2b4aecfe"
  integrity sha512-wUHttDi/ol0tD8ZgUMDH8Ef7IbDX+/UsWJOXaAyTdkT7Yy9ZBqPg8bgB/Dn3CZ9SBpNieozrPRHm0BGww7W/jA==

esbuild-linux-mips64le@0.13.15:
  version "0.13.15"
  resolved "https://registry.yarnpkg.com/esbuild-linux-mips64le/-/esbuild-linux-mips64le-0.13.15.tgz#36b07cc47c3d21e48db3bb1f4d9ef8f46aead4f7"
  integrity sha512-KlVjIG828uFPyJkO/8gKwy9RbXhCEUeFsCGOJBepUlpa7G8/SeZgncUEz/tOOUJTcWMTmFMtdd3GElGyAtbSWg==

esbuild-linux-ppc64le@0.13.15:
  version "0.13.15"
  resolved "https://registry.yarnpkg.com/esbuild-linux-ppc64le/-/esbuild-linux-ppc64le-0.13.15.tgz#f7e6bba40b9a11eb9dcae5b01550ea04670edad2"
  integrity sha512-h6gYF+OsaqEuBjeesTBtUPw0bmiDu7eAeuc2OEH9S6mV9/jPhPdhOWzdeshb0BskRZxPhxPOjqZ+/OqLcxQwEQ==

esbuild-netbsd-64@0.13.15:
  version "0.13.15"
  resolved "https://registry.yarnpkg.com/esbuild-netbsd-64/-/esbuild-netbsd-64-0.13.15.tgz#a2fedc549c2b629d580a732d840712b08d440038"
  integrity sha512-3+yE9emwoevLMyvu+iR3rsa+Xwhie7ZEHMGDQ6dkqP/ndFzRHkobHUKTe+NCApSqG5ce2z4rFu+NX/UHnxlh3w==

esbuild-openbsd-64@0.13.15:
  version "0.13.15"
  resolved "https://registry.yarnpkg.com/esbuild-openbsd-64/-/esbuild-openbsd-64-0.13.15.tgz#b22c0e5806d3a1fbf0325872037f885306b05cd7"
  integrity sha512-wTfvtwYJYAFL1fSs8yHIdf5GEE4NkbtbXtjLWjM3Cw8mmQKqsg8kTiqJ9NJQe5NX/5Qlo7Xd9r1yKMMkHllp5g==

esbuild-sunos-64@0.13.15:
  version "0.13.15"
  resolved "https://registry.yarnpkg.com/esbuild-sunos-64/-/esbuild-sunos-64-0.13.15.tgz#d0b6454a88375ee8d3964daeff55c85c91c7cef4"
  integrity sha512-lbivT9Bx3t1iWWrSnGyBP9ODriEvWDRiweAs69vI+miJoeKwHWOComSRukttbuzjZ8r1q0mQJ8Z7yUsDJ3hKdw==

esbuild-windows-32@0.13.15:
  version "0.13.15"
  resolved "https://registry.yarnpkg.com/esbuild-windows-32/-/esbuild-windows-32-0.13.15.tgz#c96d0b9bbb52f3303322582ef8e4847c5ad375a7"
  integrity sha512-fDMEf2g3SsJ599MBr50cY5ve5lP1wyVwTe6aLJsM01KtxyKkB4UT+fc5MXQFn3RLrAIAZOG+tHC+yXObpSn7Nw==

esbuild-windows-64@0.13.15:
  version "0.13.15"
  resolved "https://registry.yarnpkg.com/esbuild-windows-64/-/esbuild-windows-64-0.13.15.tgz#1f79cb9b1e1bb02fb25cd414cb90d4ea2892c294"
  integrity sha512-9aMsPRGDWCd3bGjUIKG/ZOJPKsiztlxl/Q3C1XDswO6eNX/Jtwu4M+jb6YDH9hRSUflQWX0XKAfWzgy5Wk54JQ==

esbuild-windows-arm64@0.13.15:
  version "0.13.15"
  resolved "https://registry.yarnpkg.com/esbuild-windows-arm64/-/esbuild-windows-arm64-0.13.15.tgz#482173070810df22a752c686509c370c3be3b3c3"
  integrity sha512-zzvyCVVpbwQQATaf3IG8mu1IwGEiDxKkYUdA4FpoCHi1KtPa13jeScYDjlW0Qh+ebWzpKfR2ZwvqAQkSWNcKjA==

esbuild@^0.13.12:
  version "0.13.15"
  resolved "https://registry.yarnpkg.com/esbuild/-/esbuild-0.13.15.tgz#db56a88166ee373f87dbb2d8798ff449e0450cdf"
  integrity sha512-raCxt02HBKv8RJxE8vkTSCXGIyKHdEdGfUmiYb8wnabnaEmHzyW7DCHb5tEN0xU8ryqg5xw54mcwnYkC4x3AIw==
  optionalDependencies:
    esbuild-android-arm64 "0.13.15"
    esbuild-darwin-64 "0.13.15"
    esbuild-darwin-arm64 "0.13.15"
    esbuild-freebsd-64 "0.13.15"
    esbuild-freebsd-arm64 "0.13.15"
    esbuild-linux-32 "0.13.15"
    esbuild-linux-64 "0.13.15"
    esbuild-linux-arm "0.13.15"
    esbuild-linux-arm64 "0.13.15"
    esbuild-linux-mips64le "0.13.15"
    esbuild-linux-ppc64le "0.13.15"
    esbuild-netbsd-64 "0.13.15"
    esbuild-openbsd-64 "0.13.15"
    esbuild-sunos-64 "0.13.15"
    esbuild-windows-32 "0.13.15"
    esbuild-windows-64 "0.13.15"
    esbuild-windows-arm64 "0.13.15"

float-hsl2rgb@^1.0.2:
  version "1.0.2"
  resolved "https://registry.yarnpkg.com/float-hsl2rgb/-/float-hsl2rgb-1.0.2.tgz#ecf3509c40ac6567c96a204622b0c4c4bf43c8a1"
  integrity sha1-7PNQnECsZWfJaiBGIrDExL9DyKE=

float-rgb2hsl@^1.0.1:
  version "1.0.1"
  resolved "https://registry.yarnpkg.com/float-rgb2hsl/-/float-rgb2hsl-1.0.1.tgz#8efeaa0fc726e53363a79bf3f636082055c10c0e"
  integrity sha1-jv6qD8cm5TNjp5vz9jYIIFXBDA4=

fsevents@~2.3.2:
  version "2.3.2"
  resolved "https://registry.yarnpkg.com/fsevents/-/fsevents-2.3.2.tgz#8a526f78b8fdf4623b709e0b975c52c24c02fd1a"
  integrity sha512-xiqMQR4xAeHTuB9uWm+fFRcIOgKBMiOBP+eXiyT7jsgVCq1bkVygt00oASowB7EdtpOHaaPgKt812P9ab+DDKA==

function-bind@^1.1.1:
  version "1.1.1"
  resolved "https://registry.yarnpkg.com/function-bind/-/function-bind-1.1.1.tgz#a56899d3ea3c9bab874bb9773b7c5ede92f4895d"
  integrity sha512-yIovAzMX49sF8Yl58fSCWJ5svSLuaibPxXQJFLmBObTuCr0Mf1KiPopGM9NiFjiYBCbfaa2Fh6breQ6ANVTI0A==

has@^1.0.3:
  version "1.0.3"
  resolved "https://registry.yarnpkg.com/has/-/has-1.0.3.tgz#722d7cbfc1f6aa8241f16dd814e011e1f41e8796"
  integrity sha512-f2dvO0VU6Oej7RkWJGrehjbzMAjFp5/VKPp5tTpWIV4JHHZK1/BxbFRtf/siA2SWTe09caDmVtYYzWEIbBS4zw==
  dependencies:
    function-bind "^1.1.1"

is-core-module@^2.2.0:
  version "2.8.0"
  resolved "https://registry.yarnpkg.com/is-core-module/-/is-core-module-2.8.0.tgz#0321336c3d0925e497fd97f5d95cb114a5ccd548"
  integrity sha512-vd15qHsaqrRL7dtH6QNuy0ndJmRDrS9HAM1CAiSifNUFv4x1a0CCVsj18hJ1mShxIG6T2i1sO78MkP56r0nYRw==
  dependencies:
    has "^1.0.3"

lineclip@^1.1.5:
  version "1.1.5"
  resolved "https://registry.yarnpkg.com/lineclip/-/lineclip-1.1.5.tgz#2bf26067d94354feabf91e42768236db5616fd13"
  integrity sha1-K/JgZ9lDVP6r+R5CdoI221YW/RM=

nanoid@^3.1.30:
  version "3.1.30"
  resolved "https://registry.yarnpkg.com/nanoid/-/nanoid-3.1.30.tgz#63f93cc548d2a113dc5dfbc63bfa09e2b9b64362"
  integrity sha512-zJpuPDwOv8D2zq2WRoMe1HsfZthVewpel9CAvTfc/2mBD1uUT/agc5f7GHGWXlYkFvi1mVxe4IjvP2HNrop7nQ==

normalize-svg-path@^0.1.0:
  version "0.1.0"
  resolved "https://registry.yarnpkg.com/normalize-svg-path/-/normalize-svg-path-0.1.0.tgz#456360e60ece75fbef7b5d7e160480e7ffd16fe5"
  integrity sha1-RWNg5g7Odfvve11+FgSA5//Rb+U=

normalize-svg-path@^1.0.1:
  version "1.1.0"
  resolved "https://registry.yarnpkg.com/normalize-svg-path/-/normalize-svg-path-1.1.0.tgz#0e614eca23c39f0cffe821d6be6cd17e569a766c"
  integrity sha512-r9KHKG2UUeB5LoTouwDzBy2VxXlHsiM6fyLQvnJa0S5hrhzqElH/CH7TUGhT1fVvIYBIKf3OpY4YJ4CK+iaqHg==
  dependencies:
    svg-arc-to-cubic-bezier "^3.0.0"

parse-color@^1.0.0:
  version "1.0.0"
  resolved "https://registry.yarnpkg.com/parse-color/-/parse-color-1.0.0.tgz#7b748b95a83f03f16a94f535e52d7f3d94658619"
  integrity sha1-e3SLlag/A/FqlPU15S1/PZRlhhk=
  dependencies:
    color-convert "~0.5.0"

parse-svg-path@^0.1.2:
  version "0.1.2"
  resolved "https://registry.yarnpkg.com/parse-svg-path/-/parse-svg-path-0.1.2.tgz#7a7ec0d1eb06fa5325c7d3e009b859a09b5d49eb"
  integrity sha1-en7A0esG+lMlx9PgCbhZoJtdSes=

path-parse@^1.0.6:
  version "1.0.7"
  resolved "https://registry.yarnpkg.com/path-parse/-/path-parse-1.0.7.tgz#fbc114b60ca42b30d9daf5858e4bd68bbedb6735"
  integrity sha512-LDJzPVEEEPR+y48z93A0Ed0yXb8pAByGWo/k5YYdYgpY2/2EsOsksJrq7lOHxryrVOn1ejG6oAp8ahvOIQD8sw==

picocolors@^1.0.0:
  version "1.0.0"
  resolved "https://registry.yarnpkg.com/picocolors/-/picocolors-1.0.0.tgz#cb5bdc74ff3f51892236eaf79d68bc44564ab81c"
  integrity sha512-1fygroTLlHu66zi26VoTDv8yRgm0Fccecssto+MhsZ0D/DGW2sm8E8AjW7NU5VVTRt5GxbeZ5qBuJr+HyLYkjQ==

postcss@^8.3.11:
  version "8.4.4"
  resolved "https://registry.yarnpkg.com/postcss/-/postcss-8.4.4.tgz#d53d4ec6a75fd62557a66bb41978bf47ff0c2869"
  integrity sha512-joU6fBsN6EIer28Lj6GDFoC/5yOZzLCfn0zHAn/MYXI7aPt4m4hK5KC5ovEZXy+lnCjmYIbQWngvju2ddyEr8Q==
  dependencies:
    nanoid "^3.1.30"
    picocolors "^1.0.0"
    source-map-js "^1.0.1"

primitive-quad@^2.0.0:
  version "2.0.0"
  resolved "https://registry.yarnpkg.com/primitive-quad/-/primitive-quad-2.0.0.tgz#c20993e4f9600238926bb500e529053043ef8aeb"
  integrity sha1-wgmT5PlgAjiSa7UA5SkFMEPvius=

redux@^4.1.2:
  version "4.1.2"
  resolved "https://registry.yarnpkg.com/redux/-/redux-4.1.2.tgz#140f35426d99bb4729af760afcf79eaaac407104"
  integrity sha512-SH8PglcebESbd/shgf6mii6EIoRM0zrQyjcuQ+ojmfxjTtE0z9Y8pa62iA/OJ58qjP6j27uyW4kUF4jl/jd6sw==
  dependencies:
    "@babel/runtime" "^7.9.2"

regenerator-runtime@^0.13.4:
  version "0.13.9"
  resolved "https://registry.yarnpkg.com/regenerator-runtime/-/regenerator-runtime-0.13.9.tgz#8925742a98ffd90814988d7566ad30ca3b263b52"
  integrity sha512-p3VT+cOEgxFsRRA9X4lkI1E+k2/CtnKtU4gcxyaCUreilL/vqI6CdZ3wxVUx3UOUg+gnUOQQcRI7BmSI656MYA==

regl@^1.3.7:
  version "1.7.0"
  resolved "https://registry.yarnpkg.com/regl/-/regl-1.7.0.tgz#0d185431044a356bf80e9b775b11b935ef2746d3"
  integrity sha512-bEAtp/qrtKucxXSJkD4ebopFZYP0q1+3Vb2WECWv/T8yQEgKxDxJ7ztO285tAMaYZVR6mM1GgI6CCn8FROtL1w==

resolve@^1.20.0:
  version "1.20.0"
  resolved "https://registry.yarnpkg.com/resolve/-/resolve-1.20.0.tgz#629a013fb3f70755d6f0b7935cc1c2c5378b1975"
  integrity sha512-wENBPt4ySzg4ybFQW2TT1zMQucPK95HSh/nq2CFTZVOGut2+pQvSsgtda4d26YrYcr067wjbmzOG8byDPBX63A==
  dependencies:
    is-core-module "^2.2.0"
    path-parse "^1.0.6"

rollup@^2.59.0:
  version "2.61.0"
  resolved "https://registry.yarnpkg.com/rollup/-/rollup-2.61.0.tgz#ccd927bcd6cc0c78a4689c918627a717977208f4"
  integrity sha512-teQ+T1mUYbyvGyUavCodiyA9hD4DxwYZJwr/qehZGhs1Z49vsmzelMVYMxGU4ZhGRKxYPupHuz5yzm/wj7VpWA==
  optionalDependencies:
    fsevents "~2.3.2"

seed-random@^2.2.0:
  version "2.2.0"
  resolved "https://registry.yarnpkg.com/seed-random/-/seed-random-2.2.0.tgz#2a9b19e250a817099231a5b99a4daf80b7fbed54"
  integrity sha1-KpsZ4lCoFwmSMaW5mk2vgLf77VQ=

simplex-noise@^2.4.0:
  version "2.4.0"
  resolved "https://registry.yarnpkg.com/simplex-noise/-/simplex-noise-2.4.0.tgz#81b3458fb22dccc3bc8dd9a977c73797f86f523a"
  integrity sha512-OjyDWm/QZjVbMrPxDVi9b2as+SeNn9EBXlrWVRlFW+TSyWMSXouDryXkQN0vf5YP+QZKobrmkvx1eQYPLtuqfw==

simplex-noise@^3.0.0:
  version "3.0.0"
  resolved "https://registry.yarnpkg.com/simplex-noise/-/simplex-noise-3.0.0.tgz#0bbb8bbb3b13483d53b282a9ab59d6c9b978ac7a"
  integrity sha512-sZP1EvUpRW/f3wjeSWUs94Xp4+S46oLGNiqkaROM92m3FvFm5ymJFMg67LcHpqikI8isXJlN/sE1Cfpe86xp0w==

source-map-js@^1.0.1:
  version "1.0.1"
  resolved "https://registry.yarnpkg.com/source-map-js/-/source-map-js-1.0.1.tgz#a1741c131e3c77d048252adfa24e23b908670caf"
  integrity sha512-4+TN2b3tqOCd/kaGRJ/sTYA0tR0mdXx26ipdolxcwtJVqEnqNYvlCAt1q3ypy4QMlYus+Zh34RNtYLoq2oQ4IA==

stats.js@^0.17.0:
  version "0.17.0"
  resolved "https://registry.yarnpkg.com/stats.js/-/stats.js-0.17.0.tgz#b1c3dc46d94498b578b7fd3985b81ace7131cc7d"
  integrity sha1-scPcRtlEmLV4t/05hbgaznExzH0=

svg-arc-to-cubic-bezier@^3.0.0:
  version "3.2.0"
  resolved "https://registry.yarnpkg.com/svg-arc-to-cubic-bezier/-/svg-arc-to-cubic-bezier-3.2.0.tgz#390c450035ae1c4a0104d90650304c3bc814abe6"
  integrity sha512-djbJ/vZKZO+gPoSDThGNpKDO+o+bAeA4XQKovvkNCqnIS2t+S4qnLAGQhyyrulhCFRl1WWzAp0wUDV8PpTVU3g==

svg-path-contours@^2.0.0:
  version "2.0.0"
  resolved "https://registry.yarnpkg.com/svg-path-contours/-/svg-path-contours-2.0.0.tgz#c76a129429db05eb6d7b61e4d1c58d114a8938a2"
  integrity sha1-x2oSlCnbBette2Hk0cWNEUqJOKI=
  dependencies:
    abs-svg-path "^0.1.1"
    adaptive-bezier-curve "^1.0.3"
    normalize-svg-path "^0.1.0"
    vec2-copy "^1.0.0"

three@^0.135.0:
  version "0.135.0"
  resolved "https://registry.yarnpkg.com/three/-/three-0.135.0.tgz#cff4ec8edd3c51ce9bc7e88d13e8eafed4d0ddfc"
  integrity sha512-kuEpuuxRzLv0MDsXai9huCxOSQPZ4vje6y0gn80SRmQvgz6/+rI0NAvCRAw56zYaWKMGMfqKWsxF9Qa2Z9xymQ==

tslib@^2.3.1:
  version "2.3.1"
  resolved "https://registry.yarnpkg.com/tslib/-/tslib-2.3.1.tgz#e8a335add5ceae51aa261d32a490158ef042ef01"
  integrity sha512-77EbyPPpMz+FRFRuAFlWMtmgUWGe9UOG2Z25NqCwiIjRhOf5iKGuzSe5P2w1laq+FkRy4p+PCuVkJSGkzTEKVw==

vec2-copy@^1.0.0:
  version "1.0.0"
  resolved "https://registry.yarnpkg.com/vec2-copy/-/vec2-copy-1.0.0.tgz#c6eec1d8dad54625194e5f71f8433b62d2f20a7a"
  integrity sha1-xu7B2NrVRiUZTl9x+EM7YtLyCno=

vite@^2.7.0:
  version "2.7.1"
  resolved "https://registry.yarnpkg.com/vite/-/vite-2.7.1.tgz#be50ad13214290ecbebbe5ad389ed423cb5f137e"
  integrity sha512-TDXXhcu5lyQ6uosK4ZWaOyB4VzOiizk0biitRzDzaEtgSUi8rVYPc4k1xgOjLSf0OuceDJmojFKXHOX9DB1WuQ==
  dependencies:
    esbuild "^0.13.12"
    postcss "^8.3.11"
    resolve "^1.20.0"
    rollup "^2.59.0"
  optionalDependencies:
    fsevents "~2.3.2"
